PODS:
  - Alamofire (5.5.0)
  - Differentiator (5.0.0)
  - Firebase/Analytics (8.10.0):
    - Firebase/Core
  - Firebase/Core (8.10.0):
    - Firebase/CoreOnly
    - FirebaseAnalytics (~> 8.10.0)
  - Firebase/CoreOnly (8.10.0):
    - FirebaseCore (= 8.10.0)
  - Firebase/Crashlytics (8.10.0):
    - Firebase/CoreOnly
    - FirebaseCrashlytics (~> 8.10.0)
  - FirebaseAnalytics (8.10.0):
    - FirebaseAnalytics/AdIdSupport (= 8.10.0)
    - FirebaseCore (~> 8.0)
    - FirebaseInstallations (~> 8.0)
    - GoogleUtilities/AppDelegateSwizzler (~> 7.6)
    - GoogleUtilities/MethodSwizzler (~> 7.6)
    - GoogleUtilities/Network (~> 7.6)
    - "GoogleUtilities/NSData+zlib (~> 7.6)"
    - nanopb (~> 2.30908.0)
  - FirebaseAnalytics/AdIdSupport (8.10.0):
    - FirebaseCore (~> 8.0)
    - FirebaseInstallations (~> 8.0)
    - GoogleAppMeasurement (= 8.10.0)
    - GoogleUtilities/AppDelegateSwizzler (~> 7.6)
    - GoogleUtilities/MethodSwizzler (~> 7.6)
    - GoogleUtilities/Network (~> 7.6)
    - "GoogleUtilities/NSData+zlib (~> 7.6)"
    - nanopb (~> 2.30908.0)
  - FirebaseCore (8.10.0):
    - FirebaseCoreDiagnostics (~> 8.0)
    - GoogleUtilities/Environment (~> 7.6)
    - GoogleUtilities/Logger (~> 7.6)
  - FirebaseCoreDiagnostics (8.10.0):
    - GoogleDataTransport (~> 9.1)
    - GoogleUtilities/Environment (~> 7.6)
    - GoogleUtilities/Logger (~> 7.6)
    - nanopb (~> 2.30908.0)
  - FirebaseCrashlytics (8.10.0):
    - FirebaseCore (~> 8.0)
    - FirebaseInstallations (~> 8.0)
    - GoogleDataTransport (~> 9.1)
    - GoogleUtilities/Environment (~> 7.6)
    - nanopb (~> 2.30908.0)
    - PromisesObjC (< 3.0, >= 1.2)
  - FirebaseInstallations (8.10.0):
    - FirebaseCore (~> 8.0)
    - GoogleUtilities/Environment (~> 7.6)
    - GoogleUtilities/UserDefaults (~> 7.6)
    - PromisesObjC (< 3.0, >= 1.2)
  - GoogleAppMeasurement (8.10.0):
    - GoogleAppMeasurement/AdIdSupport (= 8.10.0)
    - GoogleUtilities/AppDelegateSwizzler (~> 7.6)
    - GoogleUtilities/MethodSwizzler (~> 7.6)
    - GoogleUtilities/Network (~> 7.6)
    - "GoogleUtilities/NSData+zlib (~> 7.6)"
    - nanopb (~> 2.30908.0)
  - GoogleAppMeasurement/AdIdSupport (8.10.0):
    - GoogleAppMeasurement/WithoutAdIdSupport (= 8.10.0)
    - GoogleUtilities/AppDelegateSwizzler (~> 7.6)
    - GoogleUtilities/MethodSwizzler (~> 7.6)
    - GoogleUtilities/Network (~> 7.6)
    - "GoogleUtilities/NSData+zlib (~> 7.6)"
    - nanopb (~> 2.30908.0)
  - GoogleAppMeasurement/WithoutAdIdSupport (8.10.0):
    - GoogleUtilities/AppDelegateSwizzler (~> 7.6)
    - GoogleUtilities/MethodSwizzler (~> 7.6)
    - GoogleUtilities/Network (~> 7.6)
    - "GoogleUtilities/NSData+zlib (~> 7.6)"
    - nanopb (~> 2.30908.0)
  - GoogleDataTransport (9.1.2):
    - GoogleUtilities/Environment (~> 7.2)
    - nanopb (~> 2.30908.0)
    - PromisesObjC (< 3.0, >= 1.2)
  - GoogleUtilities/AppDelegateSwizzler (7.6.0):
    - GoogleUtilities/Environment
    - GoogleUtilities/Logger
    - GoogleUtilities/Network
  - GoogleUtilities/Environment (7.6.0):
    - PromisesObjC (< 3.0, >= 1.2)
  - GoogleUtilities/Logger (7.6.0):
    - GoogleUtilities/Environment
  - GoogleUtilities/MethodSwizzler (7.6.0):
    - GoogleUtilities/Logger
  - GoogleUtilities/Network (7.6.0):
    - GoogleUtilities/Logger
    - "GoogleUtilities/NSData+zlib"
    - GoogleUtilities/Reachability
  - "GoogleUtilities/NSData+zlib (7.6.0)"
  - GoogleUtilities/Reachability (7.6.0):
    - GoogleUtilities/Logger
  - GoogleUtilities/UserDefaults (7.6.0):
    - GoogleUtilities/Logger
  - Kingfisher (7.1.2)
  - lottie-ios (3.3.0)
  - Moya/Core (15.0.0):
    - Alamofire (~> 5.0)
  - Moya/RxSwift (15.0.0):
    - Moya/Core
    - RxSwift (~> 6.0)
  - nanopb (2.30908.0):
    - nanopb/decode (= 2.30908.0)
    - nanopb/encode (= 2.30908.0)
  - nanopb/decode (2.30908.0)
  - nanopb/encode (2.30908.0)
  - PromisesObjC (2.0.0)
  - R.swift (6.1.0):
    - R.swift.Library (~> 5.3.0)
  - R.swift.Library (5.3.0)
  - ReactorKit (3.1.0):
    - RxSwift (~> 6.0)
    - WeakMapTable (~> 1.1)
  - ReusableKit (3.0.0):
    - ReusableKit/Core (= 3.0.0)
  - ReusableKit/Core (3.0.0)
  - RxCocoa (6.0.0):
    - RxRelay (= 6.0.0)
    - RxSwift (= 6.0.0)
  - RxDataSources (5.0.0):
    - Differentiator (~> 5.0)
    - RxCocoa (~> 6.0)
    - RxSwift (~> 6.0)
  - RxKeyboard (2.0.0):
    - RxCocoa (~> 6.0)
    - RxSwift (~> 6.0)
  - RxRelay (6.0.0):
    - RxSwift (= 6.0.0)
  - RxSwift (6.0.0)
  - RxViewController (2.0.0):
    - RxCocoa (~> 6.0)
    - RxSwift (~> 6.0)
  - SkeletonView (1.26.0)
  - SnapKit (5.0.1)
  - SwiftLint (0.45.1)
  - Then (2.7.0)
  - WeakMapTable (1.2.0)

DEPENDENCIES:
  - Firebase/Analytics
  - Firebase/Crashlytics
  - Kingfisher
  - lottie-ios
  - Moya/RxSwift
  - R.swift
  - ReactorKit
  - ReusableKit
  - RxCocoa
  - RxDataSources
  - RxKeyboard
  - RxSwift
  - RxViewController
  - SkeletonView
  - SnapKit
  - SwiftLint
  - Then

SPEC REPOS:
  trunk:
    - Alamofire
    - Differentiator
    - Firebase
    - FirebaseAnalytics
    - FirebaseCore
    - FirebaseCoreDiagnostics
    - FirebaseCrashlytics
    - FirebaseInstallations
    - GoogleAppMeasurement
    - GoogleDataTransport
    - GoogleUtilities
    - Kingfisher
    - lottie-ios
    - Moya
    - nanopb
    - PromisesObjC
    - R.swift
    - R.swift.Library
    - ReactorKit
    - ReusableKit
    - RxCocoa
    - RxDataSources
    - RxKeyboard
    - RxRelay
    - RxSwift
    - RxViewController
    - SkeletonView
    - SnapKit
    - SwiftLint
    - Then
    - WeakMapTable

SPEC CHECKSUMS:
  Alamofire: 1c4fb5369c3fe93d2857c780d8bbe09f06f97e7c
  Differentiator: e8497ceab83c1b10ca233716d547b9af21b9344d
  Firebase: 44213362f1dcc52555b935dc925ed35ac55f1b20
  FirebaseAnalytics: 319c9b3b1bdd400d60e2f415dff0c5f6959e6760
  FirebaseCore: 04186597c095da37d90ff9fd3e53bc61a1ff2440
  FirebaseCoreDiagnostics: 56fb7216d87e0e6ec2feddefa9d8a392fe8b2c18
  FirebaseCrashlytics: 3b7f17cdf5bf1ae6ad5956696a6c26edeb39cca7
  FirebaseInstallations: 830327b45345ffc859eaa9c17bcd5ae893fd5425
  GoogleAppMeasurement: a3311dbcf3ea651e5a070fe8559b57c174ada081
  GoogleDataTransport: 629c20a4d363167143f30ea78320d5a7eb8bd940
  GoogleUtilities: 684ee790a24f73ebb2d1d966e9711c203f2a4237
  Kingfisher: 44ed6a8504763f27bab46163adfac83f5deb240c
  lottie-ios: 6ac74dcc09904798f59b18cb3075c089d76be9ae
  Moya: 138f0573e53411fb3dc17016add0b748dfbd78ee
  nanopb: a0ba3315591a9ae0a16a309ee504766e90db0c96
  PromisesObjC: 68159ce6952d93e17b2dfe273b8c40907db5ba58
  R.swift: ec98ff71c4ab2f6fd01dd077e5afd15e63a4834c
  R.swift.Library: 0fc583cb55a99e28901299cc451614cad1161962
  ReactorKit: a06dd2a5c9339287aedf3dc821cfab6347eca106
  ReusableKit: e5f853ad4652e411f96b6119b2488afa12929be6
  RxCocoa: 3f79328fafa3645b34600f37c31e64c73ae3a80e
  RxDataSources: aa47cc1ed6c500fa0dfecac5c979b723542d79cf
  RxKeyboard: 4f5863f43b4ff0cbb2a20b94688d6b80c8a43c14
  RxRelay: 8d593be109c06ea850df027351beba614b012ffb
  RxSwift: c14e798c59b9f6e9a2df8fd235602e85cc044295
  RxViewController: 56486fa0afd629a1d6b5ba077f3b8cd9dc31b5d2
  SkeletonView: 6b62a8ddbc64abb113ea3243e4a9979e5750f147
  SnapKit: 97b92857e3df3a0c71833cce143274bf6ef8e5eb
  SwiftLint: 06ac37e4d38c7068e0935bb30cda95f093bec761
  Then: acfe0be7e98221c6204e12f8161459606d5d822d
  WeakMapTable: 05c694ce8439a7a9ebabb56187287a63c57673d6

PODFILE CHECKSUM: 3f1812a6bd02462327759ebb10ed07cb952586be

COCOAPODS: 1.11.2
